
Microsoft Visual Studio Solution File, Format Version 12.00
# Visual Studio Version 17
VisualStudioVersion = 17.7.34031.279
MinimumVisualStudioVersion = 10.0.40219.1
Project("{9A19103F-16F7-4668-BE54-9A1E7A4F7556}") = "UserService", "UserService\UserService.csproj", "{BADD79B1-8BDA-45E2-AB0F-3B0E678C0E3D}"
EndProject
Project("{9A19103F-16F7-4668-BE54-9A1E7A4F7556}") = "UserService.DAL", "UserService.DAL\UserService.DAL.csproj", "{0557BF0A-714B-480A-A988-15D31602D162}"
EndProject
Project("{9A19103F-16F7-4668-BE54-9A1E7A4F7556}") = "UserService.BL", "UserService.BL\UserService.BL.csproj", "{53A6EE11-C5B4-4027-BAF0-586ACA7DD768}"
EndProject
Project("{9A19103F-16F7-4668-BE54-9A1E7A4F7556}") = "UserService.Common", "UserService.Common\UserService.Common.csproj", "{9E8181B3-AD5E-4A57-B9B0-E07CC57E0CC5}"
EndProject
Project("{9A19103F-16F7-4668-BE54-9A1E7A4F7556}") = "Exceptions", "Exceptions\Exceptions.csproj", "{B5F96E4C-46C4-4088-8F9C-18D8A495D4B8}"
EndProject
Project("{9A19103F-16F7-4668-BE54-9A1E7A4F7556}") = "DictionaryService.BL", "DictionaryService.BL\DictionaryService.BL.csproj", "{CBD6D39C-846E-40EC-B5DF-010AACCE63D9}"
EndProject
Project("{9A19103F-16F7-4668-BE54-9A1E7A4F7556}") = "DictionaryService.DAL", "DictionaryService.DAL\DictionaryService.DAL.csproj", "{D07723EB-D441-4444-A1C6-4D3E2C2EF348}"
EndProject
Project("{9A19103F-16F7-4668-BE54-9A1E7A4F7556}") = "DictionaryService.Common", "DictionaryService.Common\DictionaryService.Common.csproj", "{CC32D744-8D74-4CCB-8C6D-E1A86BF6BCAD}"
EndProject
Project("{9A19103F-16F7-4668-BE54-9A1E7A4F7556}") = "DictionaryService", "DictionaryService\DictionaryService.csproj", "{098FFA03-094C-4535-B42D-BB61CF6485DE}"
EndProject
Project("{9A19103F-16F7-4668-BE54-9A1E7A4F7556}") = "Common", "Common\Common.csproj", "{71E357E8-C7B6-4375-8499-D68C9DDC85A4}"
EndProject
Project("{9A19103F-16F7-4668-BE54-9A1E7A4F7556}") = "EntranceService", "EntranceService\EntranceService.csproj", "{38B121B6-1119-4152-AF1B-F4403D0EE209}"
EndProject
Project("{9A19103F-16F7-4668-BE54-9A1E7A4F7556}") = "EntranceService.DAL", "EntranceService.DAL\EntranceService.DAL.csproj", "{02CF09B9-4037-4757-8E98-55BDBA150539}"
EndProject
Project("{9A19103F-16F7-4668-BE54-9A1E7A4F7556}") = "EntranceService.BL", "EntranceService.BL\EntranceService.BL.csproj", "{4CA650B1-8FFF-4E2E-A78F-219B01AC7489}"
EndProject
Project("{9A19103F-16F7-4668-BE54-9A1E7A4F7556}") = "EntranceService.Common", "EntranceService.Common\EntranceService.Common.csproj", "{122D3566-210D-433D-B26B-0B1AFE648CBD}"
EndProject
Project("{9A19103F-16F7-4668-BE54-9A1E7A4F7556}") = "NotificationService.BL", "NotificationService.BL\NotificationService.BL.csproj", "{717A07EC-BC3C-40CA-B9EE-5741AB217828}"
EndProject
Project("{9A19103F-16F7-4668-BE54-9A1E7A4F7556}") = "NotificationService.DAL", "NotificationService.DAL\NotificationService.DAL.csproj", "{B53E7B36-0DFE-44A5-9F90-36EF84302C4E}"
EndProject
Project("{FAE04EC0-301F-11D3-BF4B-00C04F79EFBC}") = "NotificationService", "NotificationService\NotificationService.csproj", "{B52F8286-C64F-46B0-892F-DEFAD00C5F65}"
EndProject
Global
	GlobalSection(SolutionConfigurationPlatforms) = preSolution
		Debug|Any CPU = Debug|Any CPU
		Release|Any CPU = Release|Any CPU
	EndGlobalSection
	GlobalSection(ProjectConfigurationPlatforms) = postSolution
		{BADD79B1-8BDA-45E2-AB0F-3B0E678C0E3D}.Debug|Any CPU.ActiveCfg = Debug|Any CPU
		{BADD79B1-8BDA-45E2-AB0F-3B0E678C0E3D}.Debug|Any CPU.Build.0 = Debug|Any CPU
		{BADD79B1-8BDA-45E2-AB0F-3B0E678C0E3D}.Release|Any CPU.ActiveCfg = Release|Any CPU
		{BADD79B1-8BDA-45E2-AB0F-3B0E678C0E3D}.Release|Any CPU.Build.0 = Release|Any CPU
		{0557BF0A-714B-480A-A988-15D31602D162}.Debug|Any CPU.ActiveCfg = Debug|Any CPU
		{0557BF0A-714B-480A-A988-15D31602D162}.Debug|Any CPU.Build.0 = Debug|Any CPU
		{0557BF0A-714B-480A-A988-15D31602D162}.Release|Any CPU.ActiveCfg = Release|Any CPU
		{0557BF0A-714B-480A-A988-15D31602D162}.Release|Any CPU.Build.0 = Release|Any CPU
		{53A6EE11-C5B4-4027-BAF0-586ACA7DD768}.Debug|Any CPU.ActiveCfg = Debug|Any CPU
		{53A6EE11-C5B4-4027-BAF0-586ACA7DD768}.Debug|Any CPU.Build.0 = Debug|Any CPU
		{53A6EE11-C5B4-4027-BAF0-586ACA7DD768}.Release|Any CPU.ActiveCfg = Release|Any CPU
		{53A6EE11-C5B4-4027-BAF0-586ACA7DD768}.Release|Any CPU.Build.0 = Release|Any CPU
		{9E8181B3-AD5E-4A57-B9B0-E07CC57E0CC5}.Debug|Any CPU.ActiveCfg = Debug|Any CPU
		{9E8181B3-AD5E-4A57-B9B0-E07CC57E0CC5}.Debug|Any CPU.Build.0 = Debug|Any CPU
		{9E8181B3-AD5E-4A57-B9B0-E07CC57E0CC5}.Release|Any CPU.ActiveCfg = Release|Any CPU
		{9E8181B3-AD5E-4A57-B9B0-E07CC57E0CC5}.Release|Any CPU.Build.0 = Release|Any CPU
		{B5F96E4C-46C4-4088-8F9C-18D8A495D4B8}.Debug|Any CPU.ActiveCfg = Debug|Any CPU
		{B5F96E4C-46C4-4088-8F9C-18D8A495D4B8}.Debug|Any CPU.Build.0 = Debug|Any CPU
		{B5F96E4C-46C4-4088-8F9C-18D8A495D4B8}.Release|Any CPU.ActiveCfg = Release|Any CPU
		{B5F96E4C-46C4-4088-8F9C-18D8A495D4B8}.Release|Any CPU.Build.0 = Release|Any CPU
		{CBD6D39C-846E-40EC-B5DF-010AACCE63D9}.Debug|Any CPU.ActiveCfg = Debug|Any CPU
		{CBD6D39C-846E-40EC-B5DF-010AACCE63D9}.Debug|Any CPU.Build.0 = Debug|Any CPU
		{CBD6D39C-846E-40EC-B5DF-010AACCE63D9}.Release|Any CPU.ActiveCfg = Release|Any CPU
		{CBD6D39C-846E-40EC-B5DF-010AACCE63D9}.Release|Any CPU.Build.0 = Release|Any CPU
		{D07723EB-D441-4444-A1C6-4D3E2C2EF348}.Debug|Any CPU.ActiveCfg = Debug|Any CPU
		{D07723EB-D441-4444-A1C6-4D3E2C2EF348}.Debug|Any CPU.Build.0 = Debug|Any CPU
		{D07723EB-D441-4444-A1C6-4D3E2C2EF348}.Release|Any CPU.ActiveCfg = Release|Any CPU
		{D07723EB-D441-4444-A1C6-4D3E2C2EF348}.Release|Any CPU.Build.0 = Release|Any CPU
		{CC32D744-8D74-4CCB-8C6D-E1A86BF6BCAD}.Debug|Any CPU.ActiveCfg = Debug|Any CPU
		{CC32D744-8D74-4CCB-8C6D-E1A86BF6BCAD}.Debug|Any CPU.Build.0 = Debug|Any CPU
		{CC32D744-8D74-4CCB-8C6D-E1A86BF6BCAD}.Release|Any CPU.ActiveCfg = Release|Any CPU
		{CC32D744-8D74-4CCB-8C6D-E1A86BF6BCAD}.Release|Any CPU.Build.0 = Release|Any CPU
		{098FFA03-094C-4535-B42D-BB61CF6485DE}.Debug|Any CPU.ActiveCfg = Debug|Any CPU
		{098FFA03-094C-4535-B42D-BB61CF6485DE}.Debug|Any CPU.Build.0 = Debug|Any CPU
		{098FFA03-094C-4535-B42D-BB61CF6485DE}.Release|Any CPU.ActiveCfg = Release|Any CPU
		{098FFA03-094C-4535-B42D-BB61CF6485DE}.Release|Any CPU.Build.0 = Release|Any CPU
		{71E357E8-C7B6-4375-8499-D68C9DDC85A4}.Debug|Any CPU.ActiveCfg = Debug|Any CPU
		{71E357E8-C7B6-4375-8499-D68C9DDC85A4}.Debug|Any CPU.Build.0 = Debug|Any CPU
		{71E357E8-C7B6-4375-8499-D68C9DDC85A4}.Release|Any CPU.ActiveCfg = Release|Any CPU
		{71E357E8-C7B6-4375-8499-D68C9DDC85A4}.Release|Any CPU.Build.0 = Release|Any CPU
		{38B121B6-1119-4152-AF1B-F4403D0EE209}.Debug|Any CPU.ActiveCfg = Debug|Any CPU
		{38B121B6-1119-4152-AF1B-F4403D0EE209}.Debug|Any CPU.Build.0 = Debug|Any CPU
		{38B121B6-1119-4152-AF1B-F4403D0EE209}.Release|Any CPU.ActiveCfg = Release|Any CPU
		{38B121B6-1119-4152-AF1B-F4403D0EE209}.Release|Any CPU.Build.0 = Release|Any CPU
		{02CF09B9-4037-4757-8E98-55BDBA150539}.Debug|Any CPU.ActiveCfg = Debug|Any CPU
		{02CF09B9-4037-4757-8E98-55BDBA150539}.Debug|Any CPU.Build.0 = Debug|Any CPU
		{02CF09B9-4037-4757-8E98-55BDBA150539}.Release|Any CPU.ActiveCfg = Release|Any CPU
		{02CF09B9-4037-4757-8E98-55BDBA150539}.Release|Any CPU.Build.0 = Release|Any CPU
		{4CA650B1-8FFF-4E2E-A78F-219B01AC7489}.Debug|Any CPU.ActiveCfg = Debug|Any CPU
		{4CA650B1-8FFF-4E2E-A78F-219B01AC7489}.Debug|Any CPU.Build.0 = Debug|Any CPU
		{4CA650B1-8FFF-4E2E-A78F-219B01AC7489}.Release|Any CPU.ActiveCfg = Release|Any CPU
		{4CA650B1-8FFF-4E2E-A78F-219B01AC7489}.Release|Any CPU.Build.0 = Release|Any CPU
		{122D3566-210D-433D-B26B-0B1AFE648CBD}.Debug|Any CPU.ActiveCfg = Debug|Any CPU
		{122D3566-210D-433D-B26B-0B1AFE648CBD}.Debug|Any CPU.Build.0 = Debug|Any CPU
		{122D3566-210D-433D-B26B-0B1AFE648CBD}.Release|Any CPU.ActiveCfg = Release|Any CPU
		{122D3566-210D-433D-B26B-0B1AFE648CBD}.Release|Any CPU.Build.0 = Release|Any CPU
		{717A07EC-BC3C-40CA-B9EE-5741AB217828}.Debug|Any CPU.ActiveCfg = Debug|Any CPU
		{717A07EC-BC3C-40CA-B9EE-5741AB217828}.Debug|Any CPU.Build.0 = Debug|Any CPU
		{717A07EC-BC3C-40CA-B9EE-5741AB217828}.Release|Any CPU.ActiveCfg = Release|Any CPU
		{717A07EC-BC3C-40CA-B9EE-5741AB217828}.Release|Any CPU.Build.0 = Release|Any CPU
		{B53E7B36-0DFE-44A5-9F90-36EF84302C4E}.Debug|Any CPU.ActiveCfg = Debug|Any CPU
		{B53E7B36-0DFE-44A5-9F90-36EF84302C4E}.Debug|Any CPU.Build.0 = Debug|Any CPU
		{B53E7B36-0DFE-44A5-9F90-36EF84302C4E}.Release|Any CPU.ActiveCfg = Release|Any CPU
		{B53E7B36-0DFE-44A5-9F90-36EF84302C4E}.Release|Any CPU.Build.0 = Release|Any CPU
		{B52F8286-C64F-46B0-892F-DEFAD00C5F65}.Debug|Any CPU.ActiveCfg = Debug|Any CPU
		{B52F8286-C64F-46B0-892F-DEFAD00C5F65}.Debug|Any CPU.Build.0 = Debug|Any CPU
		{B52F8286-C64F-46B0-892F-DEFAD00C5F65}.Release|Any CPU.ActiveCfg = Release|Any CPU
		{B52F8286-C64F-46B0-892F-DEFAD00C5F65}.Release|Any CPU.Build.0 = Release|Any CPU
	EndGlobalSection
	GlobalSection(SolutionProperties) = preSolution
		HideSolutionNode = FALSE
	EndGlobalSection
	GlobalSection(ExtensibilityGlobals) = postSolution
		SolutionGuid = {9AF63F8C-BC81-41EB-A2D8-F283D9B31D29}
	EndGlobalSection
EndGlobal
